{
  "name": "bSite",
  "version": "1.0.0",
  "lockfileVersion": 1,
  "requires": true,
  "dependencies": {
    "dayjs": {
      "version": "1.10.4",
      "resolved": "https://registry.npm.taobao.org/dayjs/download/dayjs-1.10.4.tgz",
      "integrity": "sha1-jlRKm4aD9heD9XCYCoqA6vVKseI="
    },
    "lin-ui": {
      "version": "0.9.2",
      "resolved": "https://registry.npm.taobao.org/lin-ui/download/lin-ui-0.9.2.tgz",
      "integrity": "sha1-jB/F5tX46hXCVfOViWCNQ5cOjnE="
    }
  }
}
